
Microsoft Visual Studio Solution File, Format Version 12.00
# Visual Studio Version 17
VisualStudioVersion = 17.7.34024.191
MinimumVisualStudioVersion = 10.0.40219.1
Project("{FAE04EC0-301F-11D3-BF4B-00C04F79EFBC}") = "Laboratorio 2 Algoritmos", "Laboratorio 2 Algoritmos.csproj", "{B01087D9-DF65-4D3E-9466-D8C450D31573}"
EndProject
Global
	GlobalSection(SolutionConfigurationPlatforms) = preSolution
		Debug|Any CPU = Debug|Any CPU
		Release|Any CPU = Release|Any CPU
	EndGlobalSection
	GlobalSection(ProjectConfigurationPlatforms) = postSolution
		{B01087D9-DF65-4D3E-9466-D8C450D31573}.Debug|Any CPU.ActiveCfg = Debug|Any CPU
		{B01087D9-DF65-4D3E-9466-D8C450D31573}.Debug|Any CPU.Build.0 = Debug|Any CPU
		{B01087D9-DF65-4D3E-9466-D8C450D31573}.Release|Any CPU.ActiveCfg = Release|Any CPU
		{B01087D9-DF65-4D3E-9466-D8C450D31573}.Release|Any CPU.Build.0 = Release|Any CPU
	EndGlobalSection
	GlobalSection(SolutionProperties) = preSolution
		HideSolutionNode = FALSE
	EndGlobalSection
	GlobalSection(ExtensibilityGlobals) = postSolution
		SolutionGuid = {37621C9A-F0CB-4A05-B939-7DAA993489B1}
	EndGlobalSection
EndGlobal
